# This file is automatically @generated by Cargo.
# It is not intended for manual editing.
version = 4

[[package]]
name = "autocfg"
version = "1.4.0"
source = "registry+https://github.com/rust-lang/crates.io-index"
checksum = "ace50bade8e6234aa140d9a2f552bbee1db4d353f69b8217bc503490fc1a9f26"

[[package]]
name = "battery"
version = "0.7.8"
source = "registry+https://github.com/rust-lang/crates.io-index"
checksum = "b4b624268937c0e0a3edb7c27843f9e547c320d730c610d3b8e6e8e95b2026e4"
dependencies = [
 "cfg-if",
 "core-foundation 0.7.0",
 "lazycell",
 "libc",
 "mach",
 "nix 0.19.1",
 "num-traits",
 "uom",
 "winapi",
]

[[package]]
name = "bitflags"
version = "1.3.2"
source = "registry+https://github.com/rust-lang/crates.io-index"
checksum = "bef38d45163c2f1dde094a7dfd33ccf595c92905c8f8f4fdc18d06fb1037718a"

[[package]]
name = "bitflags"
version = "2.6.0"
source = "registry+https://github.com/rust-lang/crates.io-index"
checksum = "b048fb63fd8b5923fc5aa7b340d8e156aec7ec02f0c78fa8a6ddc2613f6f71de"

[[package]]
name = "cc"
version = "1.1.31"
source = "registry+https://github.com/rust-lang/crates.io-index"
checksum = "c2e7962b54006dcfcc61cb72735f4d89bb97061dd6a7ed882ec6b8ee53714c6f"
dependencies = [
 "shlex",
]

[[package]]
name = "cfg-if"
version = "1.0.0"
source = "registry+https://github.com/rust-lang/crates.io-index"
checksum = "baf1de4339761588bc0619e3cbc0120ee582ebb74b53b4efbf79117bd2da40fd"

[[package]]
name = "core-foundation"
version = "0.7.0"
source = "registry+https://github.com/rust-lang/crates.io-index"
checksum = "57d24c7a13c43e870e37c1556b74555437870a04514f7685f5b354e090567171"
dependencies = [
 "core-foundation-sys 0.7.0",
 "libc",
]

[[package]]
name = "core-foundation"
version = "0.10.0"
source = "registry+https://github.com/rust-lang/crates.io-index"
checksum = "b55271e5c8c478ad3f38ad24ef34923091e0548492a266d19b3c0b4d82574c63"
dependencies = [
 "core-foundation-sys 0.8.7",
 "libc",
]

[[package]]
name = "core-foundation-sys"
version = "0.7.0"
source = "registry+https://github.com/rust-lang/crates.io-index"
checksum = "b3a71ab494c0b5b860bdc8407ae08978052417070c2ced38573a9157ad75b8ac"

[[package]]
name = "core-foundation-sys"
version = "0.8.7"
source = "registry+https://github.com/rust-lang/crates.io-index"
checksum = "773648b94d0e5d620f64f280777445740e61fe701025087ec8b57f45c791888b"

[[package]]
name = "crossbeam-deque"
version = "0.8.5"
source = "registry+https://github.com/rust-lang/crates.io-index"
checksum = "613f8cc01fe9cf1a3eb3d7f488fd2fa8388403e97039e2f73692932e291a770d"
dependencies = [
 "crossbeam-epoch",
 "crossbeam-utils",
]

[[package]]
name = "crossbeam-epoch"
version = "0.9.18"
source = "registry+https://github.com/rust-lang/crates.io-index"
checksum = "5b82ac4a3c2ca9c3460964f020e1402edd5753411d7737aa39c3714ad1b5420e"
dependencies = [
 "crossbeam-utils",
]

[[package]]
name = "crossbeam-utils"
version = "0.8.20"
source = "registry+https://github.com/rust-lang/crates.io-index"
checksum = "22ec99545bb0ed0ea7bb9b8e1e9122ea386ff8a48c0922e43f36d45ab09e0e80"

[[package]]
name = "darling"
version = "0.14.4"
source = "registry+https://github.com/rust-lang/crates.io-index"
checksum = "7b750cb3417fd1b327431a470f388520309479ab0bf5e323505daf0290cd3850"
dependencies = [
 "darling_core 0.14.4",
 "darling_macro 0.14.4",
]

[[package]]
name = "darling"
version = "0.20.10"
source = "registry+https://github.com/rust-lang/crates.io-index"
checksum = "6f63b86c8a8826a49b8c21f08a2d07338eec8d900540f8630dc76284be802989"
dependencies = [
 "darling_core 0.20.10",
 "darling_macro 0.20.10",
]

[[package]]
name = "darling_core"
version = "0.14.4"
source = "registry+https://github.com/rust-lang/crates.io-index"
checksum = "109c1ca6e6b7f82cc233a97004ea8ed7ca123a9af07a8230878fcfda9b158bf0"
dependencies = [
 "fnv",
 "ident_case",
 "proc-macro2",
 "quote 1.0.37",
 "strsim 0.10.0",
 "syn 1.0.109",
]

[[package]]
name = "darling_core"
version = "0.20.10"
source = "registry+https://github.com/rust-lang/crates.io-index"
checksum = "95133861a8032aaea082871032f5815eb9e98cef03fa916ab4500513994df9e5"
dependencies = [
 "fnv",
 "ident_case",
 "proc-macro2",
 "quote 1.0.37",
 "strsim 0.11.1",
 "syn 2.0.85",
]

[[package]]
name = "darling_macro"
version = "0.14.4"
source = "registry+https://github.com/rust-lang/crates.io-index"
checksum = "a4aab4dbc9f7611d8b55048a3a16d2d010c2c8334e46304b40ac1cc14bf3b48e"
dependencies = [
 "darling_core 0.14.4",
 "quote 1.0.37",
 "syn 1.0.109",
]

[[package]]
name = "darling_macro"
version = "0.20.10"
source = "registry+https://github.com/rust-lang/crates.io-index"
checksum = "d336a2a514f6ccccaa3e09b02d41d35330c07ddf03a62165fcec10bb561c7806"
dependencies = [
 "darling_core 0.20.10",
 "quote 1.0.37",
 "syn 2.0.85",
]

[[package]]
name = "dbus"
version = "0.9.7"
source = "registry+https://github.com/rust-lang/crates.io-index"
checksum = "1bb21987b9fb1613058ba3843121dd18b163b254d8a6e797e144cbac14d96d1b"
dependencies = [
 "libc",
 "libdbus-sys",
 "winapi",
]

[[package]]
name = "derive_is_enum_variant"
version = "0.1.1"
source = "registry+https://github.com/rust-lang/crates.io-index"
checksum = "d0ac8859845146979953797f03cc5b282fb4396891807cdb3d04929a88418197"
dependencies = [
 "heck",
 "quote 0.3.15",
 "syn 0.11.11",
]

[[package]]
name = "either"
version = "1.13.0"
source = "registry+https://github.com/rust-lang/crates.io-index"
checksum = "60b1af1c220855b6ceac025d3f6ecdd2b7c4894bfe9cd9bda4fbb4bc7c0d4cf0"

[[package]]
name = "enum-kinds"
version = "0.5.1"
source = "registry+https://github.com/rust-lang/crates.io-index"
checksum = "4e40a16955681d469ab3da85aaa6b42ff656b3c67b52e1d8d3dd36afe97fd462"
dependencies = [
 "proc-macro2",
 "quote 1.0.37",
 "syn 1.0.109",
]

[[package]]
name = "fnv"
version = "1.0.7"
source = "registry+https://github.com/rust-lang/crates.io-index"
checksum = "3f9eec918d3f24069decb9af1554cad7c880e2da24a9afd88aca000531ab82c1"

[[package]]
name = "from_variants"
version = "1.0.2"
source = "registry+https://github.com/rust-lang/crates.io-index"
checksum = "4e859c8f2057687618905dbe99fc76e836e0a69738865ef90e46fc214a41bbf2"
dependencies = [
 "from_variants_impl",
]

[[package]]
name = "from_variants_impl"
version = "1.0.2"
source = "registry+https://github.com/rust-lang/crates.io-index"
checksum = "55a5e644a80e6d96b2b4910fa7993301d7b7926c045b475b62202b20a36ce69e"
dependencies = [
 "darling 0.14.4",
 "proc-macro2",
 "quote 1.0.37",
 "syn 1.0.109",
]

[[package]]
name = "heck"
version = "0.3.3"
source = "registry+https://github.com/rust-lang/crates.io-index"
checksum = "6d621efb26863f0e9924c6ac577e8275e5e6b77455db64ffa6c65c904e9e132c"
dependencies = [
 "unicode-segmentation",
]

[[package]]
name = "hostname"
version = "0.4.0"
source = "registry+https://github.com/rust-lang/crates.io-index"
checksum = "f9c7c7c8ac16c798734b8a24560c1362120597c40d5e1459f09498f8f6c8f2ba"
dependencies = [
 "cfg-if",
 "libc",
 "windows 0.52.0",
]

[[package]]
name = "ident_case"
version = "1.0.1"
source = "registry+https://github.com/rust-lang/crates.io-index"
checksum = "b9e0384b61958566e926dc50660321d12159025e767c18e043daf26b70104c39"

[[package]]
name = "io-kit-sys"
version = "0.4.1"
source = "registry+https://github.com/rust-lang/crates.io-index"
checksum = "617ee6cf8e3f66f3b4ea67a4058564628cde41901316e19f559e14c7c72c5e7b"
dependencies = [
 "core-foundation-sys 0.8.7",
 "mach2",
]

[[package]]
name = "ioctl-rs"
version = "0.1.6"
source = "registry+https://github.com/rust-lang/crates.io-index"
checksum = "f7970510895cee30b3e9128319f2cefd4bde883a39f38baa279567ba3a7eb97d"
dependencies = [
 "libc",
]

[[package]]
name = "lazycell"
version = "1.3.0"
source = "registry+https://github.com/rust-lang/crates.io-index"
checksum = "830d08ce1d1d941e6b30645f1a0eb5643013d835ce3779a5fc208261dbe10f55"

[[package]]
name = "libc"
version = "0.2.161"
source = "registry+https://github.com/rust-lang/crates.io-index"
checksum = "8e9489c2807c139ffd9c1794f4af0ebe86a828db53ecdc7fea2111d0fed085d1"

[[package]]
name = "libdbus-sys"
version = "0.2.5"
source = "registry+https://github.com/rust-lang/crates.io-index"
checksum = "06085512b750d640299b79be4bad3d2fa90a9c00b1fd9e1b46364f66f0485c72"
dependencies = [
 "pkg-config",
]

[[package]]
name = "libloading"
version = "0.8.6"
source = "registry+https://github.com/rust-lang/crates.io-index"
checksum = "fc2f4eb4bc735547cfed7c0a4922cbd04a4655978c09b54f1f7b228750664c34"
dependencies = [
 "cfg-if",
 "windows-targets",
]

[[package]]
name = "libudev"
version = "0.3.0"
source = "registry+https://github.com/rust-lang/crates.io-index"
checksum = "78b324152da65df7bb95acfcaab55e3097ceaab02fb19b228a9eb74d55f135e0"
dependencies = [
 "libc",
 "libudev-sys",
]

[[package]]
name = "libudev-sys"
version = "0.1.4"
source = "registry+https://github.com/rust-lang/crates.io-index"
checksum = "3c8469b4a23b962c1396b9b451dda50ef5b283e8dd309d69033475fa9b334324"
dependencies = [
 "libc",
 "pkg-config",
]

[[package]]
name = "mach"
version = "0.3.2"
source = "registry+https://github.com/rust-lang/crates.io-index"
checksum = "b823e83b2affd8f40a9ee8c29dbc56404c1e34cd2710921f2801e2cf29527afa"
dependencies = [
 "libc",
]

[[package]]
name = "mach2"
version = "0.4.2"
source = "registry+https://github.com/rust-lang/crates.io-index"
checksum = "19b955cdeb2a02b9117f121ce63aa52d08ade45de53e48fe6a38b39c10f6f709"
dependencies = [
 "libc",
]

[[package]]
name = "memchr"
version = "2.7.4"
source = "registry+https://github.com/rust-lang/crates.io-index"
checksum = "78ca9ab1a0babb1e7d5695e3530886289c18cf2f87ec19a575a0abdce112e3a3"

[[package]]
name = "mpris"
version = "2.0.1"
source = "registry+https://github.com/rust-lang/crates.io-index"
checksum = "55cef955a7826b1e00e901a3652e7a895abd221fb4ab61547e7d0e4c235d7feb"
dependencies = [
 "dbus",
 "derive_is_enum_variant",
 "enum-kinds",
 "from_variants",
 "thiserror",
]

[[package]]
name = "nix"
version = "0.19.1"
source = "registry+https://github.com/rust-lang/crates.io-index"
checksum = "b2ccba0cfe4fdf15982d1674c69b1fd80bad427d293849982668dfe454bd61f2"
dependencies = [
 "bitflags 1.3.2",
 "cc",
 "cfg-if",
 "libc",
]

[[package]]
name = "nix"
version = "0.26.4"
source = "registry+https://github.com/rust-lang/crates.io-index"
checksum = "598beaf3cc6fdd9a5dfb1630c2800c7acd31df7aaf0f565796fba2b53ca1af1b"
dependencies = [
 "bitflags 1.3.2",
 "cfg-if",
 "libc",
]

[[package]]
name = "ntapi"
version = "0.4.1"
source = "registry+https://github.com/rust-lang/crates.io-index"
checksum = "e8a3895c6391c39d7fe7ebc444a87eb2991b2a0bc718fdabd071eec617fc68e4"
dependencies = [
 "winapi",
]

[[package]]
name = "num-traits"
version = "0.2.19"
source = "registry+https://github.com/rust-lang/crates.io-index"
checksum = "071dfc062690e90b734c0b2273ce72ad0ffa95f0c74596bc250dcfd960262841"
dependencies = [
 "autocfg",
]

[[package]]
name = "nvml-wrapper"
version = "0.10.0"
source = "registry+https://github.com/rust-lang/crates.io-index"
checksum = "0c9bff0aa1d48904a1385ea2a8b97576fbdcbc9a3cfccd0d31fe978e1c4038c5"
dependencies = [
 "bitflags 2.6.0",
 "libloading",
 "nvml-wrapper-sys",
 "static_assertions",
 "thiserror",
 "wrapcenum-derive",
]

[[package]]
name = "nvml-wrapper-sys"
version = "0.8.0"
source = "registry+https://github.com/rust-lang/crates.io-index"
checksum = "698d45156f28781a4e79652b6ebe2eaa0589057d588d3aec1333f6466f13fcb5"
dependencies = [
 "libloading",
]

[[package]]
name = "pkg-config"
version = "0.3.31"
source = "registry+https://github.com/rust-lang/crates.io-index"
checksum = "953ec861398dccce10c670dfeaf3ec4911ca479e9c02154b3a215178c5f566f2"

[[package]]
name = "proc-macro2"
version = "1.0.89"
source = "registry+https://github.com/rust-lang/crates.io-index"
checksum = "f139b0662de085916d1fb67d2b4169d1addddda1919e696f3252b740b629986e"
dependencies = [
 "unicode-ident",
]

[[package]]
name = "quote"
version = "0.3.15"
source = "registry+https://github.com/rust-lang/crates.io-index"
checksum = "7a6e920b65c65f10b2ae65c831a81a073a89edd28c7cce89475bff467ab4167a"

[[package]]
name = "quote"
version = "1.0.37"
source = "registry+https://github.com/rust-lang/crates.io-index"
checksum = "b5b9d34b8991d19d98081b46eacdd8eb58c6f2b201139f7c5f643cc155a633af"
dependencies = [
 "proc-macro2",
]

[[package]]
name = "rayon"
version = "1.10.0"
source = "registry+https://github.com/rust-lang/crates.io-index"
checksum = "b418a60154510ca1a002a752ca9714984e21e4241e804d32555251faf8b78ffa"
dependencies = [
 "either",
 "rayon-core",
]

[[package]]
name = "rayon-core"
version = "1.12.1"
source = "registry+https://github.com/rust-lang/crates.io-index"
checksum = "1465873a3dfdaa8ae7cb14b4383657caab0b3e8a0aa9ae8e04b044854c8dfce2"
dependencies = [
 "crossbeam-deque",
 "crossbeam-utils",
]

[[package]]
name = "scopeguard"
version = "1.2.0"
source = "registry+https://github.com/rust-lang/crates.io-index"
checksum = "94143f37725109f92c262ed2cf5e59bce7498c01bcc1502d7b9afe439a4e9f49"

[[package]]
name = "serial"
version = "0.4.0"
source = "registry+https://github.com/rust-lang/crates.io-index"
checksum = "a1237a96570fc377c13baa1b88c7589ab66edced652e43ffb17088f003db3e86"
dependencies = [
 "serial-core",
 "serial-unix",
 "serial-windows",
]

[[package]]
name = "serial-core"
version = "0.4.0"
source = "registry+https://github.com/rust-lang/crates.io-index"
checksum = "3f46209b345401737ae2125fe5b19a77acce90cd53e1658cda928e4fe9a64581"
dependencies = [
 "libc",
]

[[package]]
name = "serial-unix"
version = "0.4.0"
source = "registry+https://github.com/rust-lang/crates.io-index"
checksum = "f03fbca4c9d866e24a459cbca71283f545a37f8e3e002ad8c70593871453cab7"
dependencies = [
 "ioctl-rs",
 "libc",
 "serial-core",
 "termios",
]

[[package]]
name = "serial-windows"
version = "0.4.0"
source = "registry+https://github.com/rust-lang/crates.io-index"
checksum = "15c6d3b776267a75d31bbdfd5d36c0ca051251caafc285827052bc53bcdc8162"
dependencies = [
 "libc",
 "serial-core",
]

[[package]]
name = "serialport"
version = "4.6.0"
source = "registry+https://github.com/rust-lang/crates.io-index"
checksum = "7331eefcaafaa382c0df95bcd84068f0b3e3c215c300750dde2316e9b8806ed5"
dependencies = [
 "bitflags 2.6.0",
 "cfg-if",
 "core-foundation 0.10.0",
 "core-foundation-sys 0.8.7",
 "io-kit-sys",
 "libudev",
 "mach2",
 "nix 0.26.4",
 "scopeguard",
 "unescaper",
 "winapi",
]

[[package]]
name = "server"
version = "0.1.0"
dependencies = [
 "battery",
 "hostname",
 "mpris",
 "nvml-wrapper",
 "serial",
 "serialport",
 "sysinfo",
]

[[package]]
name = "shlex"
version = "1.3.0"
source = "registry+https://github.com/rust-lang/crates.io-index"
checksum = "0fda2ff0d084019ba4d7c6f371c95d8fd75ce3524c3cb8fb653a3023f6323e64"

[[package]]
name = "static_assertions"
version = "1.1.0"
source = "registry+https://github.com/rust-lang/crates.io-index"
checksum = "a2eb9349b6444b326872e140eb1cf5e7c522154d69e7a0ffb0fb81c06b37543f"

[[package]]
name = "strsim"
version = "0.10.0"
source = "registry+https://github.com/rust-lang/crates.io-index"
checksum = "73473c0e59e6d5812c5dfe2a064a6444949f089e20eec9a2e5506596494e4623"

[[package]]
name = "strsim"
version = "0.11.1"
source = "registry+https://github.com/rust-lang/crates.io-index"
checksum = "7da8b5736845d9f2fcb837ea5d9e2628564b3b043a70948a3f0b778838c5fb4f"

[[package]]
name = "syn"
version = "0.11.11"
source = "registry+https://github.com/rust-lang/crates.io-index"
checksum = "d3b891b9015c88c576343b9b3e41c2c11a51c219ef067b264bd9c8aa9b441dad"
dependencies = [
 "quote 0.3.15",
 "synom",
 "unicode-xid",
]

[[package]]
name = "syn"
version = "1.0.109"
source = "registry+https://github.com/rust-lang/crates.io-index"
checksum = "72b64191b275b66ffe2469e8af2c1cfe3bafa67b529ead792a6d0160888b4237"
dependencies = [
 "proc-macro2",
 "quote 1.0.37",
 "unicode-ident",
]

[[package]]
name = "syn"
version = "2.0.85"
source = "registry+https://github.com/rust-lang/crates.io-index"
checksum = "5023162dfcd14ef8f32034d8bcd4cc5ddc61ef7a247c024a33e24e1f24d21b56"
dependencies = [
 "proc-macro2",
 "quote 1.0.37",
 "unicode-ident",
]

[[package]]
name = "synom"
version = "0.11.3"
source = "registry+https://github.com/rust-lang/crates.io-index"
checksum = "a393066ed9010ebaed60b9eafa373d4b1baac186dd7e008555b0f702b51945b6"
dependencies = [
 "unicode-xid",
]

[[package]]
name = "sysinfo"
version = "0.32.0"
source = "registry+https://github.com/rust-lang/crates.io-index"
checksum = "e3b5ae3f4f7d64646c46c4cae4e3f01d1c5d255c7406fdd7c7f999a94e488791"
dependencies = [
 "core-foundation-sys 0.8.7",
 "libc",
 "memchr",
 "ntapi",
 "rayon",
 "windows 0.57.0",
]

[[package]]
name = "termios"
version = "0.2.2"
source = "registry+https://github.com/rust-lang/crates.io-index"
checksum = "d5d9cf598a6d7ce700a4e6a9199da127e6819a61e64b68609683cc9a01b5683a"
dependencies = [
 "libc",
]

[[package]]
name = "thiserror"
version = "1.0.65"
source = "registry+https://github.com/rust-lang/crates.io-index"
checksum = "5d11abd9594d9b38965ef50805c5e469ca9cc6f197f883f717e0269a3057b3d5"
dependencies = [
 "thiserror-impl",
]

[[package]]
name = "thiserror-impl"
version = "1.0.65"
source = "registry+https://github.com/rust-lang/crates.io-index"
checksum = "ae71770322cbd277e69d762a16c444af02aa0575ac0d174f0b9562d3b37f8602"
dependencies = [
 "proc-macro2",
 "quote 1.0.37",
 "syn 2.0.85",
]

[[package]]
name = "typenum"
version = "1.17.0"
source = "registry+https://github.com/rust-lang/crates.io-index"
checksum = "42ff0bf0c66b8238c6f3b578df37d0b7848e55df8577b3f74f92a69acceeb825"

[[package]]
name = "unescaper"
version = "0.1.5"
source = "registry+https://github.com/rust-lang/crates.io-index"
checksum = "c878a167baa8afd137494101a688ef8c67125089ff2249284bd2b5f9bfedb815"
dependencies = [
 "thiserror",
]

[[package]]
name = "unicode-ident"
version = "1.0.13"
source = "registry+https://github.com/rust-lang/crates.io-index"
checksum = "e91b56cd4cadaeb79bbf1a5645f6b4f8dc5bde8834ad5894a8db35fda9efa1fe"

[[package]]
name = "unicode-segmentation"
version = "1.12.0"
source = "registry+https://github.com/rust-lang/crates.io-index"
checksum = "f6ccf251212114b54433ec949fd6a7841275f9ada20dddd2f29e9ceea4501493"

[[package]]
name = "unicode-xid"
version = "0.0.4"
source = "registry+https://github.com/rust-lang/crates.io-index"
checksum = "8c1f860d7d29cf02cb2f3f359fd35991af3d30bac52c57d265a3c461074cb4dc"

[[package]]
name = "uom"
version = "0.30.0"
source = "registry+https://github.com/rust-lang/crates.io-index"
checksum = "e76503e636584f1e10b9b3b9498538279561adcef5412927ba00c2b32c4ce5ed"
dependencies = [
 "num-traits",
 "typenum",
]

[[package]]
name = "winapi"
version = "0.3.9"
source = "registry+https://github.com/rust-lang/crates.io-index"
checksum = "5c839a674fcd7a98952e593242ea400abe93992746761e38641405d28b00f419"
dependencies = [
 "winapi-i686-pc-windows-gnu",
 "winapi-x86_64-pc-windows-gnu",
]

[[package]]
name = "winapi-i686-pc-windows-gnu"
version = "0.4.0"
source = "registry+https://github.com/rust-lang/crates.io-index"
checksum = "ac3b87c63620426dd9b991e5ce0329eff545bccbbb34f3be09ff6fb6ab51b7b6"

[[package]]
name = "winapi-x86_64-pc-windows-gnu"
version = "0.4.0"
source = "registry+https://github.com/rust-lang/crates.io-index"
checksum = "712e227841d057c1ee1cd2fb22fa7e5a5461ae8e48fa2ca79ec42cfc1931183f"

[[package]]
name = "windows"
version = "0.52.0"
source = "registry+https://github.com/rust-lang/crates.io-index"
checksum = "e48a53791691ab099e5e2ad123536d0fff50652600abaf43bbf952894110d0be"
dependencies = [
 "windows-core 0.52.0",
 "windows-targets",
]

[[package]]
name = "windows"
version = "0.57.0"
source = "registry+https://github.com/rust-lang/crates.io-index"
checksum = "12342cb4d8e3b046f3d80effd474a7a02447231330ef77d71daa6fbc40681143"
dependencies = [
 "windows-core 0.57.0",
 "windows-targets",
]

[[package]]
name = "windows-core"
version = "0.52.0"
source = "registry+https://github.com/rust-lang/crates.io-index"
checksum = "33ab640c8d7e35bf8ba19b884ba838ceb4fba93a4e8c65a9059d08afcfc683d9"
dependencies = [
 "windows-targets",
]

[[package]]
name = "windows-core"
version = "0.57.0"
source = "registry+https://github.com/rust-lang/crates.io-index"
checksum = "d2ed2439a290666cd67ecce2b0ffaad89c2a56b976b736e6ece670297897832d"
dependencies = [
 "windows-implement",
 "windows-interface",
 "windows-result",
 "windows-targets",
]

[[package]]
name = "windows-implement"
version = "0.57.0"
source = "registry+https://github.com/rust-lang/crates.io-index"
checksum = "9107ddc059d5b6fbfbffdfa7a7fe3e22a226def0b2608f72e9d552763d3e1ad7"
dependencies = [
 "proc-macro2",
 "quote 1.0.37",
 "syn 2.0.85",
]

[[package]]
name = "windows-interface"
version = "0.57.0"
source = "registry+https://github.com/rust-lang/crates.io-index"
checksum = "29bee4b38ea3cde66011baa44dba677c432a78593e202392d1e9070cf2a7fca7"
dependencies = [
 "proc-macro2",
 "quote 1.0.37",
 "syn 2.0.85",
]

[[package]]
name = "windows-result"
version = "0.1.2"
source = "registry+https://github.com/rust-lang/crates.io-index"
checksum = "5e383302e8ec8515204254685643de10811af0ed97ea37210dc26fb0032647f8"
dependencies = [
 "windows-targets",
]

[[package]]
name = "windows-targets"
version = "0.52.6"
source = "registry+https://github.com/rust-lang/crates.io-index"
checksum = "9b724f72796e036ab90c1021d4780d4d3d648aca59e491e6b98e725b84e99973"
dependencies = [
 "windows_aarch64_gnullvm",
 "windows_aarch64_msvc",
 "windows_i686_gnu",
 "windows_i686_gnullvm",
 "windows_i686_msvc",
 "windows_x86_64_gnu",
 "windows_x86_64_gnullvm",
 "windows_x86_64_msvc",
]

[[package]]
name = "windows_aarch64_gnullvm"
version = "0.52.6"
source = "registry+https://github.com/rust-lang/crates.io-index"
checksum = "32a4622180e7a0ec044bb555404c800bc9fd9ec262ec147edd5989ccd0c02cd3"

[[package]]
name = "windows_aarch64_msvc"
version = "0.52.6"
source = "registry+https://github.com/rust-lang/crates.io-index"
checksum = "09ec2a7bb152e2252b53fa7803150007879548bc709c039df7627cabbd05d469"

[[package]]
name = "windows_i686_gnu"
version = "0.52.6"
source = "registry+https://github.com/rust-lang/crates.io-index"
checksum = "8e9b5ad5ab802e97eb8e295ac6720e509ee4c243f69d781394014ebfe8bbfa0b"

[[package]]
name = "windows_i686_gnullvm"
version = "0.52.6"
source = "registry+https://github.com/rust-lang/crates.io-index"
checksum = "0eee52d38c090b3caa76c563b86c3a4bd71ef1a819287c19d586d7334ae8ed66"

[[package]]
name = "windows_i686_msvc"
version = "0.52.6"
source = "registry+https://github.com/rust-lang/crates.io-index"
checksum = "240948bc05c5e7c6dabba28bf89d89ffce3e303022809e73deaefe4f6ec56c66"

[[package]]
name = "windows_x86_64_gnu"
version = "0.52.6"
source = "registry+https://github.com/rust-lang/crates.io-index"
checksum = "147a5c80aabfbf0c7d901cb5895d1de30ef2907eb21fbbab29ca94c5b08b1a78"

[[package]]
name = "windows_x86_64_gnullvm"
version = "0.52.6"
source = "registry+https://github.com/rust-lang/crates.io-index"
checksum = "24d5b23dc417412679681396f2b49f3de8c1473deb516bd34410872eff51ed0d"

[[package]]
name = "windows_x86_64_msvc"
version = "0.52.6"
source = "registry+https://github.com/rust-lang/crates.io-index"
checksum = "589f6da84c646204747d1270a2a5661ea66ed1cced2631d546fdfb155959f9ec"

[[package]]
name = "wrapcenum-derive"
version = "0.4.1"
source = "registry+https://github.com/rust-lang/crates.io-index"
checksum = "a76ff259533532054cfbaefb115c613203c73707017459206380f03b3b3f266e"
dependencies = [
 "darling 0.20.10",
 "proc-macro2",
 "quote 1.0.37",
 "syn 2.0.85",
]
